{
  "name": "slave",
  "version": "1.0.0",
  "lockfileVersion": 1,
  "requires": true,
  "dependencies": {
    "@types/node": {
      "version": "10.12.0",
      "resolved": "https://registry.npmjs.org/@types/node/-/node-10.12.0.tgz",
      "integrity": "sha512-3TUHC3jsBAB7qVRGxT6lWyYo2v96BMmD2PTcl47H25Lu7UXtFH/2qqmKiVrnel6Ne//0TFYf6uvNX+HW2FRkLQ=="
    },
    "songle-api": {
      "version": "1.0.0",
      "resolved": "https://registry.npmjs.org/songle-api/-/songle-api-1.0.0.tgz",
      "integrity": "sha512-F35B2aRjqOZL1m2/NWq2JvsbyIcJ81anxqn+uo+XvdYr91sxcaeD7cQSD4d6uomDAJmTbXnoYcKAyYzxzpI53A==",
      "requires": {
        "w3c-xmlhttprequest": "^2.1.2"
      }
    },
    "songle-widget": {
      "version": "1.0.5",
      "resolved": "https://registry.npmjs.org/songle-widget/-/songle-widget-1.0.5.tgz",
      "integrity": "sha512-vVp02x1v5TeHfRz8/dYcK2I+6itPf7WNoY6s16kNuUwFE4AhEK//wEEIsBnGNzBoVd5+Tb1y+CEc4TvjjqjkZQ==",
      "requires": {
        "w3c-xmlhttprequest": "^2.1.2"
      }
    },
    "w3c-xmlhttprequest": {
      "version": "2.1.3",
      "resolved": "https://registry.npmjs.org/w3c-xmlhttprequest/-/w3c-xmlhttprequest-2.1.3.tgz",
      "integrity": "sha512-NOCpSoUIcGQl/D3tMLUizhytW9J0mLUqw/nf1lzOpub7X5wgg6+T5jxnLz9foineWGs8baLt+Ldxf8DDyuQHjg=="
    }
  }
}
