{
  "name": "slave",
  "version": "1.0.0",
  "lockfileVersion": 1,
  "requires": true,
  "dependencies": {
    "@types/node": {
      "version": "10.12.18",
      "resolved": "https://registry.npmjs.org/@types/node/-/node-10.12.18.tgz",
      "integrity": "sha512-fh+pAqt4xRzPfqA6eh3Z2y6fyZavRIumvjhaCL753+TVkGKGhpPeyrJG2JftD0T9q4GF00KjefsQ+PQNDdWQaQ=="
    },
    "nan": {
      "version": "2.12.1",
      "resolved": "https://registry.npmjs.org/nan/-/nan-2.12.1.tgz",
      "integrity": "sha512-JY7V6lRkStKcKTvHO5NVSQRv+RV+FIL5pvDoLiAtSL9pKlC5x9PKQcZDsq7m4FO4d57mkhC6Z+QhAh3Jdk5JFw=="
    },
    "rpi-ws281x-native": {
      "version": "0.9.0",
      "resolved": "https://registry.npmjs.org/rpi-ws281x-native/-/rpi-ws281x-native-0.9.0.tgz",
      "integrity": "sha512-Wj5X2iZyI5LMzxQeUoRpQJLIMWmthFDiOrcgRsIjZaebyzLsM0QtZ309YSF0enDYNdSQj+y0pmn9+uDHyvO/8A==",
      "requires": {
        "nan": "^2.0.9"
      }
    },
    "songle-api": {
      "version": "1.0.0",
      "resolved": "https://registry.npmjs.org/songle-api/-/songle-api-1.0.0.tgz",
      "integrity": "sha512-F35B2aRjqOZL1m2/NWq2JvsbyIcJ81anxqn+uo+XvdYr91sxcaeD7cQSD4d6uomDAJmTbXnoYcKAyYzxzpI53A==",
      "requires": {
        "w3c-xmlhttprequest": "^2.1.2"
      }
    },
    "songle-widget": {
      "version": "1.0.5",
      "resolved": "https://registry.npmjs.org/songle-widget/-/songle-widget-1.0.5.tgz",
      "integrity": "sha512-vVp02x1v5TeHfRz8/dYcK2I+6itPf7WNoY6s16kNuUwFE4AhEK//wEEIsBnGNzBoVd5+Tb1y+CEc4TvjjqjkZQ==",
      "requires": {
        "w3c-xmlhttprequest": "^2.1.2"
      }
    },
    "typescript": {
      "version": "3.2.2",
      "resolved": "https://registry.npmjs.org/typescript/-/typescript-3.2.2.tgz",
      "integrity": "sha512-VCj5UiSyHBjwfYacmDuc/NOk4QQixbE+Wn7MFJuS0nRuPQbof132Pw4u53dm264O8LPc2MVsc7RJNml5szurkg==",
      "dev": true
    },
    "w3c-xmlhttprequest": {
      "version": "2.1.3",
      "resolved": "https://registry.npmjs.org/w3c-xmlhttprequest/-/w3c-xmlhttprequest-2.1.3.tgz",
      "integrity": "sha512-NOCpSoUIcGQl/D3tMLUizhytW9J0mLUqw/nf1lzOpub7X5wgg6+T5jxnLz9foineWGs8baLt+Ldxf8DDyuQHjg=="
    }
  }
}
